
Microsoft Visual Studio Solution File, Format Version 12.00
# Visual Studio Version 17
VisualStudioVersion = 17.11.35312.102
MinimumVisualStudioVersion = 10.0.40219.1
Project("{FAE04EC0-301F-11D3-BF4B-00C04F79EFBC}") = "Project3_Disease_Spread_CA", "Project3_Disease_Spread_CA.csproj", "{8E326990-BA4C-4A88-9A05-5F47359C9D55}"
EndProject
Global
	GlobalSection(SolutionConfigurationPlatforms) = preSolution
		Debug|Any CPU = Debug|Any CPU
		Release|Any CPU = Release|Any CPU
	EndGlobalSection
	GlobalSection(ProjectConfigurationPlatforms) = postSolution
		{8E326990-BA4C-4A88-9A05-5F47359C9D55}.Debug|Any CPU.ActiveCfg = Debug|Any CPU
		{8E326990-BA4C-4A88-9A05-5F47359C9D55}.Debug|Any CPU.Build.0 = Debug|Any CPU
		{8E326990-BA4C-4A88-9A05-5F47359C9D55}.Release|Any CPU.ActiveCfg = Release|Any CPU
		{8E326990-BA4C-4A88-9A05-5F47359C9D55}.Release|Any CPU.Build.0 = Release|Any CPU
	EndGlobalSection
	GlobalSection(SolutionProperties) = preSolution
		HideSolutionNode = FALSE
	EndGlobalSection
	GlobalSection(ExtensibilityGlobals) = postSolution
		SolutionGuid = {7566F326-BDBE-4190-BEA6-B154CC0047F4}
	EndGlobalSection
EndGlobal
